
Microsoft Visual Studio Solution File, Format Version 12.00
# Visual Studio Version 17
VisualStudioVersion = 17.6.33712.159
MinimumVisualStudioVersion = 10.0.40219.1
Project("{C9674DCB-5085-4A16-B785-4C70DD1589BD}") = "Demo_SSIS_Excel", "Demo_SSIS_Excel\Demo_SSIS_Excel.dtproj", "{D41830CA-9973-4638-AD70-8157F0CA72CF}"
EndProject
Global
	GlobalSection(SolutionConfigurationPlatforms) = preSolution
		Development|Default = Development|Default
	EndGlobalSection
	GlobalSection(ProjectConfigurationPlatforms) = postSolution
		{D41830CA-9973-4638-AD70-8157F0CA72CF}.Development|Default.ActiveCfg = Development
		{D41830CA-9973-4638-AD70-8157F0CA72CF}.Development|Default.Build.0 = Development
	EndGlobalSection
	GlobalSection(SolutionProperties) = preSolution
		HideSolutionNode = FALSE
	EndGlobalSection
	GlobalSection(ExtensibilityGlobals) = postSolution
		SolutionGuid = {6FB8E430-1FD4-4090-B973-B0E7F4E47FFE}
	EndGlobalSection
EndGlobal
